// !$*UTF8*$!
{
	archiveVersion = 1;
	classes = {
	};
	objectVersion = 46;
	objects = {

/* Begin PBXBuildFile section */
		713993541A9F6A9500F038C5 /* object.m in Sources */ = {isa = PBXBuildFile; fileRef = 713993531A9F6A9500F038C5 /* object.m */; };
		713A0AE21A8799F700536F8B /* main.m in Sources */ = {isa = PBXBuildFile; fileRef = 713A0AE11A8799F700536F8B /* main.m */; };
		713A0AEF1A87A57900536F8B /* Jastor.m in Sources */ = {isa = PBXBuildFile; fileRef = 713A0AEC1A87A57900536F8B /* Jastor.m */; };
		713A0AF01A87A57900536F8B /* JastorRuntimeHelper.m in Sources */ = {isa = PBXBuildFile; fileRef = 713A0AEE1A87A57900536F8B /* JastorRuntimeHelper.m */; };
/* End PBXBuildFile section */

/* Begin PBXCopyFilesBuildPhase section */
		713A0ADC1A8799F700536F8B /* CopyFiles */ = {
			isa = PBXCopyFilesBuildPhase;
			buildActionMask = 2147483647;
			dstPath = /usr/share/man/man1/;
			dstSubfolderSpec = 0;
			files = (
			);
			runOnlyForDeploymentPostprocessing = 1;
		};
/* End PBXCopyFilesBuildPhase section */

/* Begin PBXFileReference section */
		713993531A9F6A9500F038C5 /* object.m */ = {isa = PBXFileReference; fileEncoding = 4; lastKnownFileType = sourcecode.c.objc; path = object.m; sourceTree = "<group>"; };
		713A0ADE1A8799F700536F8B /* JsonToObjectiveC */ = {isa = PBXFileReference; explicitFileType = "compiled.mach-o.executable"; includeInIndex = 0; path = JsonToObjectiveC; sourceTree = BUILT_PRODUCTS_DIR; };
		713A0AE11A8799F700536F8B /* main.m */ = {isa = PBXFileReference; lastKnownFileType = sourcecode.c.objc; path = main.m; sourceTree = "<group>"; };
		713A0AE81A879A2200536F8B /* object.h */ = {isa = PBXFileReference; lastKnownFileType = sourcecode.c.h; path = object.h; sourceTree = "<group>"; };
		713A0AEB1A87A57900536F8B /* Jastor.h */ = {isa = PBXFileReference; fileEncoding = 4; lastKnownFileType = sourcecode.c.h; name = Jastor.h; path = JsonToObjectiveC/Jastor.h; sourceTree = "<group>"; };
		713A0AEC1A87A57900536F8B /* Jastor.m */ = {isa = PBXFileReference; fileEncoding = 4; lastKnownFileType = sourcecode.c.objc; name = Jastor.m; path = JsonToObjectiveC/Jastor.m; sourceTree = "<group>"; };
		713A0AED1A87A57900536F8B /* JastorRuntimeHelper.h */ = {isa = PBXFileReference; fileEncoding = 4; lastKnownFileType = sourcecode.c.h; name = JastorRuntimeHelper.h; path = JsonToObjectiveC/JastorRuntimeHelper.h; sourceTree = "<group>"; };
		713A0AEE1A87A57900536F8B /* JastorRuntimeHelper.m */ = {isa = PBXFileReference; fileEncoding = 4; lastKnownFileType = sourcecode.c.objc; name = JastorRuntimeHelper.m; path = JsonToObjectiveC/JastorRuntimeHelper.m; sourceTree = "<group>"; };
/* End PBXFileReference section */

/* Begin PBXFrameworksBuildPhase section */
		713A0ADB1A8799F700536F8B /* Frameworks */ = {
			isa = PBXFrameworksBuildPhase;
			buildActionMask = 2147483647;
			files = (
			);
			runOnlyForDeploymentPostprocessing = 0;
		};
/* End PBXFrameworksBuildPhase section */

/* Begin PBXGroup section */
		713A0AD51A8799F700536F8B = {
			isa = PBXGroup;
			children = (
				713A0AEB1A87A57900536F8B /* Jastor.h */,
				713A0AEC1A87A57900536F8B /* Jastor.m */,
				713A0AED1A87A57900536F8B /* JastorRuntimeHelper.h */,
				713A0AEE1A87A57900536F8B /* JastorRuntimeHelper.m */,
				713A0AE01A8799F700536F8B /* JsonToObjectiveC */,
				713A0ADF1A8799F700536F8B /* Products */,
			);
			sourceTree = "<group>";
		};
		713A0ADF1A8799F700536F8B /* Products */ = {
			isa = PBXGroup;
			children = (
				713A0ADE1A8799F700536F8B /* JsonToObjectiveC */,
			);
			name = Products;
			sourceTree = "<group>";
		};
		713A0AE01A8799F700536F8B /* JsonToObjectiveC */ = {
			isa = PBXGroup;
			children = (
				713A0AE11A8799F700536F8B /* main.m */,
				713A0AE81A879A2200536F8B /* object.h */,
				713993531A9F6A9500F038C5 /* object.m */,
			);
			path = JsonToObjectiveC;
			sourceTree = "<group>";
		};
/* End PBXGroup section */

/* Begin PBXNativeTarget section */
		713A0ADD1A8799F700536F8B /* JsonToObjectiveC */ = {
			isa = PBXNativeTarget;
			buildConfigurationList = 713A0AE51A8799F700536F8B /* Build configuration list for PBXNativeTarget "JsonToObjectiveC" */;
			buildPhases = (
				713A0ADA1A8799F700536F8B /* Sources */,
				713A0ADB1A8799F700536F8B /* Frameworks */,
				713A0ADC1A8799F700536F8B /* CopyFiles */,
			);
			buildRules = (
			);
			dependencies = (
			);
			name = JsonToObjectiveC;
			productName = JsonToObjectiveC;
			productReference = 713A0ADE1A8799F700536F8B /* JsonToObjectiveC */;
			productType = "com.apple.product-type.tool";
		};
/* End PBXNativeTarget section */

/* Begin PBXProject section */
		713A0AD61A8799F700536F8B /* Project object */ = {
			isa = PBXProject;
			attributes = {
				LastUpgradeCheck = 0610;
				ORGANIZATIONNAME = benlu;
				TargetAttributes = {
					713A0ADD1A8799F700536F8B = {
						CreatedOnToolsVersion = 6.1.1;
					};
				};
			};
			buildConfigurationList = 713A0AD91A8799F700536F8B /* Build configuration list for PBXProject "JsonToObjectiveC" */;
			compatibilityVersion = "Xcode 3.2";
			developmentRegion = English;
			hasScannedForEncodings = 0;
			knownRegions = (
				en,
			);
			mainGroup = 713A0AD51A8799F700536F8B;
			productRefGroup = 713A0ADF1A8799F700536F8B /* Products */;
			projectDirPath = "";
			projectRoot = "";
			targets = (
				713A0ADD1A8799F700536F8B /* JsonToObjectiveC */,
			);
		};
/* End PBXProject section */

/* Begin PBXSourcesBuildPhase section */
		713A0ADA1A8799F700536F8B /* Sources */ = {
			isa = PBXSourcesBuildPhase;
			buildActionMask = 2147483647;
			files = (
				713A0AE21A8799F700536F8B /* main.m in Sources */,
				713993541A9F6A9500F038C5 /* object.m in Sources */,
				713A0AEF1A87A57900536F8B /* Jastor.m in Sources */,
				713A0AF01A87A57900536F8B /* JastorRuntimeHelper.m in Sources */,
			);
			runOnlyForDeploymentPostprocessing = 0;
		};
/* End PBXSourcesBuildPhase section */

/* Begin XCBuildConfiguration section */
		713A0AE31A8799F700536F8B /* Debug */ = {
			isa = XCBuildConfiguration;
			buildSettings = {
				ALWAYS_SEARCH_USER_PATHS = NO;
				CLANG_CXX_LANGUAGE_STANDARD = "gnu++0x";
				CLANG_CXX_LIBRARY = "libc++";
				CLANG_ENABLE_MODULES = YES;
				CLANG_ENABLE_OBJC_ARC = YES;
				CLANG_WARN_BOOL_CONVERSION = YES;
				CLANG_WARN_CONSTANT_CONVERSION = YES;
				CLANG_WARN_DIRECT_OBJC_ISA_USAGE = YES_ERROR;
				CLANG_WARN_EMPTY_BODY = YES;
				CLANG_WARN_ENUM_CONVERSION = YES;
				CLANG_WARN_INT_CONVERSION = YES;
				CLANG_WARN_OBJC_ROOT_CLASS = YES_ERROR;
				CLANG_WARN_UNREACHABLE_CODE = YES;
				CLANG_WARN__DUPLICATE_METHOD_MATCH = YES;
				COPY_PHASE_STRIP = NO;
				ENABLE_STRICT_OBJC_MSGSEND = YES;
				GCC_C_LANGUAGE_STANDARD = gnu99;
				GCC_DYNAMIC_NO_PIC = NO;
				GCC_OPTIMIZATION_LEVEL = 0;
				GCC_PREPROCESSOR_DEFINITIONS = (
					"DEBUG=1",
					"$(inherited)",
				);
				GCC_SYMBOLS_PRIVATE_EXTERN = NO;
				GCC_WARN_64_TO_32_BIT_CONVERSION = YES;
				GCC_WARN_ABOUT_RETURN_TYPE = YES_ERROR;
				GCC_WARN_UNDECLARED_SELECTOR = YES;
				GCC_WARN_UNINITIALIZED_AUTOS = YES_AGGRESSIVE;
				GCC_WARN_UNUSED_FUNCTION = YES;
				GCC_WARN_UNUSED_VARIABLE = YES;
				MACOSX_DEPLOYMENT_TARGET = 10.10;
				MTL_ENABLE_DEBUG_INFO = YES;
				ONLY_ACTIVE_ARCH = YES;
				SDKROOT = macosx;
			};
			name = Debug;
		};
		713A0AE41A8799F700536F8B /* Release */ = {
			isa = XCBuildConfiguration;
			buildSettings = {
				ALWAYS_SEARCH_USER_PATHS = NO;
				CLANG_CXX_LANGUAGE_STANDARD = "gnu++0x";
				CLANG_CXX_LIBRARY = "libc++";
				CLANG_ENABLE_MODULES = YES;
				CLANG_ENABLE_OBJC_ARC = YES;
				CLANG_WARN_BOOL_CONVERSION = YES;
				CLANG_WARN_CONSTANT_CONVERSION = YES;
				CLANG_WARN_DIRECT_OBJC_ISA_USAGE = YES_ERROR;
				CLANG_WARN_EMPTY_BODY = YES;
				CLANG_WARN_ENUM_CONVERSION = YES;
				CLANG_WARN_INT_CONVERSION = YES;
				CLANG_WARN_OBJC_ROOT_CLASS = YES_ERROR;
				CLANG_WARN_UNREACHABLE_CODE = YES;
				CLANG_WARN__DUPLICATE_METHOD_MATCH = YES;
				COPY_PHASE_STRIP = YES;
				DEBUG_INFORMATION_FORMAT = "dwarf-with-dsym";
				ENABLE_NS_ASSERTIONS = NO;
				ENABLE_STRICT_OBJC_MSGSEND = YES;
				GCC_C_LANGUAGE_STANDARD = gnu99;
				GCC_WARN_64_TO_32_BIT_CONVERSION = YES;
				GCC_WARN_ABOUT_RETURN_TYPE = YES_ERROR;
				GCC_WARN_UNDECLARED_SELECTOR = YES;
				GCC_WARN_UNINITIALIZED_AUTOS = YES_AGGRESSIVE;
				GCC_WARN_UNUSED_FUNCTION = YES;
				GCC_WARN_UNUSED_VARIABLE = YES;
				MACOSX_DEPLOYMENT_TARGET = 10.10;
				MTL_ENABLE_DEBUG_INFO = NO;
				SDKROOT = macosx;
			};
			name = Release;
		};
		713A0AE61A8799F700536F8B /* Debug */ = {
			isa = XCBuildConfiguration;
			buildSettings = {
				PRODUCT_NAME = "$(TARGET_NAME)";
			};
			name = Debug;
		};
		713A0AE71A8799F700536F8B /* Release */ = {
			isa = XCBuildConfiguration;
			buildSettings = {
				PRODUCT_NAME = "$(TARGET_NAME)";
			};
			name = Release;
		};
/* End XCBuildConfiguration section */

/* Begin XCConfigurationList section */
		713A0AD91A8799F700536F8B /* Build configuration list for PBXProject "JsonToObjectiveC" */ = {
			isa = XCConfigurationList;
			buildConfigurations = (
				713A0AE31A8799F700536F8B /* Debug */,
				713A0AE41A8799F700536F8B /* Release */,
			);
			defaultConfigurationIsVisible = 0;
			defaultConfigurationName = Release;
		};
		713A0AE51A8799F700536F8B /* Build configuration list for PBXNativeTarget "JsonToObjectiveC" */ = {
			isa = XCConfigurationList;
			buildConfigurations = (
				713A0AE61A8799F700536F8B /* Debug */,
				713A0AE71A8799F700536F8B /* Release */,
			);
			defaultConfigurationIsVisible = 0;
			defaultConfigurationName = Release;
		};
/* End XCConfigurationList section */
	};
	rootObject = 713A0AD61A8799F700536F8B /* Project object */;
}
